{
  "version": 4,
  "terraform_version": "1.9.2",
  "serial": 149,
  "lineage": "87d3247c-1376-61f1-075d-74feda8cc95d",
  "outputs": {
    "master_ip": {
      "value": "34.74.22.162",
      "type": "string"
    },
    "node_1_ip": {
      "value": "35.231.67.8",
      "type": "string"
    },
    "node_2_ip": {
      "value": "35.196.213.227",
      "type": "string"
    }
  },
  "resources": [
    {
      "mode": "managed",
      "type": "google_compute_firewall",
      "name": "allow-all",
      "provider": "provider[\"registry.terraform.io/hashicorp/google\"]",
      "instances": [
        {
          "schema_version": 1,
          "attributes": {
            "allow": [
              {
                "ports": [],
                "protocol": "all"
              }
            ],
            "creation_timestamp": "2024-07-23T01:07:34.412-07:00",
            "deny": [],
            "description": "",
            "destination_ranges": [],
            "direction": "INGRESS",
            "disabled": false,
            "enable_logging": null,
            "id": "projects/deft-smile-424908-e6/global/firewalls/allow-all",
            "log_config": [],
            "name": "allow-all",
            "network": "https://www.googleapis.com/compute/v1/projects/deft-smile-424908-e6/global/networks/k8s-network",
            "priority": 1000,
            "project": "deft-smile-424908-e6",
            "self_link": "https://www.googleapis.com/compute/v1/projects/deft-smile-424908-e6/global/firewalls/allow-all",
            "source_ranges": [
              "0.0.0.0/0"
            ],
            "source_service_accounts": null,
            "source_tags": null,
            "target_service_accounts": null,
            "target_tags": null,
            "timeouts": null
          },
          "sensitive_attributes": [],
          "private": "eyJlMmJmYjczMC1lY2FhLTExZTYtOGY4OC0zNDM2M2JjN2M0YzAiOnsiY3JlYXRlIjoxMjAwMDAwMDAwMDAwLCJkZWxldGUiOjEyMDAwMDAwMDAwMDAsInVwZGF0ZSI6MTIwMDAwMDAwMDAwMH0sInNjaGVtYV92ZXJzaW9uIjoiMSJ9",
          "dependencies": [
            "google_compute_network.default"
          ]
        }
      ]
    },
    {
      "mode": "managed",
      "type": "google_compute_instance",
      "name": "k8s-master",
      "provider": "provider[\"registry.terraform.io/hashicorp/google\"]",
      "instances": [
        {
          "schema_version": 6,
          "attributes": {
            "advanced_machine_features": [],
            "allow_stopping_for_update": null,
            "attached_disk": [],
            "boot_disk": [
              {
                "auto_delete": true,
                "device_name": "persistent-disk-0",
                "disk_encryption_key_raw": "",
                "disk_encryption_key_sha256": "",
                "initialize_params": [
                  {
                    "enable_confidential_compute": false,
                    "image": "https://www.googleapis.com/compute/v1/projects/ubuntu-os-cloud/global/images/ubuntu-2204-jammy-v20240701",
                    "labels": {},
                    "provisioned_iops": 0,
                    "provisioned_throughput": 0,
                    "resource_manager_tags": null,
                    "size": 10,
                    "type": "pd-standard"
                  }
                ],
                "kms_key_self_link": "",
                "mode": "READ_WRITE",
                "source": "https://www.googleapis.com/compute/v1/projects/deft-smile-424908-e6/zones/us-east1-b/disks/k8s-master"
              }
            ],
            "can_ip_forward": false,
            "confidential_instance_config": [],
            "cpu_platform": "Intel Broadwell",
            "current_status": "RUNNING",
            "deletion_protection": false,
            "description": "",
            "desired_status": null,
            "effective_labels": {},
            "enable_display": false,
            "guest_accelerator": [],
            "hostname": "",
            "id": "projects/deft-smile-424908-e6/zones/us-east1-b/instances/k8s-master",
            "instance_id": "4958738865301150260",
            "label_fingerprint": "42WmSpB8rSM=",
            "labels": null,
            "machine_type": "e2-standard-2",
            "metadata": {
              "ssh-keys": "vengalasanjay000:ssh-rsa AAAAB3NzaC1yc2EAAAADAQABAAABAQDMG0QaiTJ01+OAhzhtxLjkR4/IAJ2eMIeWcJCsstKm8/JJRQDmKCamcDQUOPxQa8iYT1oiXHiKOoFmSmTJPg64JkduYmYqxrwl7ClfrKUaIY4i+yOgjkOvlX6LLGCLN4ABNy2eOBdAon+05Bg0/l34RW3JJhGGD0mwoUvFWOPQROwyyT5U/PpVOrNfNBLmllPkIbKFP4jcXMYC9bw6bTGyzDCVbgaBE3+yDR7mTFhXJvK+kPODnGQDd9KVMzWxpr/igmUnzBQzB5X+qvKFNP6lF3eXXPIWRGEbPT7uGn4Qpdu1Z9LZ1pKdxXmGL40TJtzN20jgsxxQyfoj/CcJz9RD sharon_60494\n"
            },
            "metadata_fingerprint": "SFGCBknzPXc=",
            "metadata_startup_script": null,
            "min_cpu_platform": "",
            "name": "k8s-master",
            "network_interface": [
              {
                "access_config": [
                  {
                    "nat_ip": "34.74.22.162",
                    "network_tier": "PREMIUM",
                    "public_ptr_domain_name": ""
                  }
                ],
                "alias_ip_range": [],
                "internal_ipv6_prefix_length": 0,
                "ipv6_access_config": [],
                "ipv6_access_type": "",
                "ipv6_address": "",
                "name": "nic0",
                "network": "https://www.googleapis.com/compute/v1/projects/deft-smile-424908-e6/global/networks/k8s-network",
                "network_ip": "10.0.0.3",
                "nic_type": "",
                "queue_count": 0,
                "stack_type": "IPV4_ONLY",
                "subnetwork": "https://www.googleapis.com/compute/v1/projects/deft-smile-424908-e6/regions/us-east1/subnetworks/k8s-subnetwork",
                "subnetwork_project": "deft-smile-424908-e6"
              }
            ],
            "network_performance_config": [],
            "params": [],
            "project": "deft-smile-424908-e6",
            "reservation_affinity": [],
            "resource_policies": null,
            "scheduling": [
              {
                "automatic_restart": true,
                "instance_termination_action": "",
                "local_ssd_recovery_timeout": [],
                "max_run_duration": [],
                "min_node_cpus": 0,
                "node_affinities": [],
                "on_host_maintenance": "MIGRATE",
                "on_instance_stop_action": [],
                "preemptible": false,
                "provisioning_model": "STANDARD"
              }
            ],
            "scratch_disk": [],
            "self_link": "https://www.googleapis.com/compute/v1/projects/deft-smile-424908-e6/zones/us-east1-b/instances/k8s-master",
            "service_account": [],
            "shielded_instance_config": [
              {
                "enable_integrity_monitoring": true,
                "enable_secure_boot": false,
                "enable_vtpm": true
              }
            ],
            "tags": null,
            "tags_fingerprint": "42WmSpB8rSM=",
            "terraform_labels": {},
            "timeouts": null,
            "zone": "us-east1-b"
          },
          "sensitive_attributes": [
            [
              {
                "type": "get_attr",
                "value": "boot_disk"
              },
              {
                "type": "index",
                "value": {
                  "value": 0,
                  "type": "number"
                }
              },
              {
                "type": "get_attr",
                "value": "disk_encryption_key_raw"
              }
            ]
          ],
          "private": "eyJlMmJmYjczMC1lY2FhLTExZTYtOGY4OC0zNDM2M2JjN2M0YzAiOnsiY3JlYXRlIjoxMjAwMDAwMDAwMDAwLCJkZWxldGUiOjEyMDAwMDAwMDAwMDAsInVwZGF0ZSI6MTIwMDAwMDAwMDAwMH0sInNjaGVtYV92ZXJzaW9uIjoiNiJ9",
          "dependencies": [
            "google_compute_network.default",
            "google_compute_subnetwork.default"
          ]
        }
      ]
    },
    {
      "mode": "managed",
      "type": "google_compute_instance",
      "name": "k8s-node-1",
      "provider": "provider[\"registry.terraform.io/hashicorp/google\"]",
      "instances": [
        {
          "schema_version": 6,
          "attributes": {
            "advanced_machine_features": [],
            "allow_stopping_for_update": null,
            "attached_disk": [],
            "boot_disk": [
              {
                "auto_delete": true,
                "device_name": "persistent-disk-0",
                "disk_encryption_key_raw": "",
                "disk_encryption_key_sha256": "",
                "initialize_params": [
                  {
                    "enable_confidential_compute": false,
                    "image": "https://www.googleapis.com/compute/v1/projects/ubuntu-os-cloud/global/images/ubuntu-2204-jammy-v20240701",
                    "labels": {},
                    "provisioned_iops": 0,
                    "provisioned_throughput": 0,
                    "resource_manager_tags": null,
                    "size": 10,
                    "type": "pd-standard"
                  }
                ],
                "kms_key_self_link": "",
                "mode": "READ_WRITE",
                "source": "https://www.googleapis.com/compute/v1/projects/deft-smile-424908-e6/zones/us-east1-b/disks/k8s-node-1"
              }
            ],
            "can_ip_forward": false,
            "confidential_instance_config": [],
            "cpu_platform": "Intel Broadwell",
            "current_status": "RUNNING",
            "deletion_protection": false,
            "description": "",
            "desired_status": null,
            "effective_labels": {},
            "enable_display": false,
            "guest_accelerator": [],
            "hostname": "",
            "id": "projects/deft-smile-424908-e6/zones/us-east1-b/instances/k8s-node-1",
            "instance_id": "4872508974403082804",
            "label_fingerprint": "42WmSpB8rSM=",
            "labels": null,
            "machine_type": "e2-medium",
            "metadata": {
              "ssh-keys": "vengalasanjay000:ssh-rsa AAAAB3NzaC1yc2EAAAADAQABAAABAQDMG0QaiTJ01+OAhzhtxLjkR4/IAJ2eMIeWcJCsstKm8/JJRQDmKCamcDQUOPxQa8iYT1oiXHiKOoFmSmTJPg64JkduYmYqxrwl7ClfrKUaIY4i+yOgjkOvlX6LLGCLN4ABNy2eOBdAon+05Bg0/l34RW3JJhGGD0mwoUvFWOPQROwyyT5U/PpVOrNfNBLmllPkIbKFP4jcXMYC9bw6bTGyzDCVbgaBE3+yDR7mTFhXJvK+kPODnGQDd9KVMzWxpr/igmUnzBQzB5X+qvKFNP6lF3eXXPIWRGEbPT7uGn4Qpdu1Z9LZ1pKdxXmGL40TJtzN20jgsxxQyfoj/CcJz9RD sharon_60494\n"
            },
            "metadata_fingerprint": "SFGCBknzPXc=",
            "metadata_startup_script": null,
            "min_cpu_platform": "",
            "name": "k8s-node-1",
            "network_interface": [
              {
                "access_config": [
                  {
                    "nat_ip": "35.231.67.8",
                    "network_tier": "PREMIUM",
                    "public_ptr_domain_name": ""
                  }
                ],
                "alias_ip_range": [],
                "internal_ipv6_prefix_length": 0,
                "ipv6_access_config": [],
                "ipv6_access_type": "",
                "ipv6_address": "",
                "name": "nic0",
                "network": "https://www.googleapis.com/compute/v1/projects/deft-smile-424908-e6/global/networks/k8s-network",
                "network_ip": "10.0.0.4",
                "nic_type": "",
                "queue_count": 0,
                "stack_type": "IPV4_ONLY",
                "subnetwork": "https://www.googleapis.com/compute/v1/projects/deft-smile-424908-e6/regions/us-east1/subnetworks/k8s-subnetwork",
                "subnetwork_project": "deft-smile-424908-e6"
              }
            ],
            "network_performance_config": [],
            "params": [],
            "project": "deft-smile-424908-e6",
            "reservation_affinity": [],
            "resource_policies": null,
            "scheduling": [
              {
                "automatic_restart": true,
                "instance_termination_action": "",
                "local_ssd_recovery_timeout": [],
                "max_run_duration": [],
                "min_node_cpus": 0,
                "node_affinities": [],
                "on_host_maintenance": "MIGRATE",
                "on_instance_stop_action": [],
                "preemptible": false,
                "provisioning_model": "STANDARD"
              }
            ],
            "scratch_disk": [],
            "self_link": "https://www.googleapis.com/compute/v1/projects/deft-smile-424908-e6/zones/us-east1-b/instances/k8s-node-1",
            "service_account": [],
            "shielded_instance_config": [
              {
                "enable_integrity_monitoring": true,
                "enable_secure_boot": false,
                "enable_vtpm": true
              }
            ],
            "tags": null,
            "tags_fingerprint": "42WmSpB8rSM=",
            "terraform_labels": {},
            "timeouts": null,
            "zone": "us-east1-b"
          },
          "sensitive_attributes": [
            [
              {
                "type": "get_attr",
                "value": "boot_disk"
              },
              {
                "type": "index",
                "value": {
                  "value": 0,
                  "type": "number"
                }
              },
              {
                "type": "get_attr",
                "value": "disk_encryption_key_raw"
              }
            ]
          ],
          "private": "eyJlMmJmYjczMC1lY2FhLTExZTYtOGY4OC0zNDM2M2JjN2M0YzAiOnsiY3JlYXRlIjoxMjAwMDAwMDAwMDAwLCJkZWxldGUiOjEyMDAwMDAwMDAwMDAsInVwZGF0ZSI6MTIwMDAwMDAwMDAwMH0sInNjaGVtYV92ZXJzaW9uIjoiNiJ9",
          "dependencies": [
            "google_compute_network.default",
            "google_compute_subnetwork.default"
          ]
        }
      ]
    },
    {
      "mode": "managed",
      "type": "google_compute_instance",
      "name": "k8s-node-2",
      "provider": "provider[\"registry.terraform.io/hashicorp/google\"]",
      "instances": [
        {
          "schema_version": 6,
          "attributes": {
            "advanced_machine_features": [],
            "allow_stopping_for_update": null,
            "attached_disk": [],
            "boot_disk": [
              {
                "auto_delete": true,
                "device_name": "persistent-disk-0",
                "disk_encryption_key_raw": "",
                "disk_encryption_key_sha256": "",
                "initialize_params": [
                  {
                    "enable_confidential_compute": false,
                    "image": "https://www.googleapis.com/compute/v1/projects/ubuntu-os-cloud/global/images/ubuntu-2204-jammy-v20240701",
                    "labels": {},
                    "provisioned_iops": 0,
                    "provisioned_throughput": 0,
                    "resource_manager_tags": null,
                    "size": 10,
                    "type": "pd-standard"
                  }
                ],
                "kms_key_self_link": "",
                "mode": "READ_WRITE",
                "source": "https://www.googleapis.com/compute/v1/projects/deft-smile-424908-e6/zones/us-east1-b/disks/k8s-node-2"
              }
            ],
            "can_ip_forward": false,
            "confidential_instance_config": [],
            "cpu_platform": "Intel Broadwell",
            "current_status": "RUNNING",
            "deletion_protection": false,
            "description": "",
            "desired_status": null,
            "effective_labels": {},
            "enable_display": false,
            "guest_accelerator": [],
            "hostname": "",
            "id": "projects/deft-smile-424908-e6/zones/us-east1-b/instances/k8s-node-2",
            "instance_id": "2951474401888098868",
            "label_fingerprint": "42WmSpB8rSM=",
            "labels": null,
            "machine_type": "e2-medium",
            "metadata": {
              "ssh-keys": "vengalasanjay000:ssh-rsa AAAAB3NzaC1yc2EAAAADAQABAAABAQDMG0QaiTJ01+OAhzhtxLjkR4/IAJ2eMIeWcJCsstKm8/JJRQDmKCamcDQUOPxQa8iYT1oiXHiKOoFmSmTJPg64JkduYmYqxrwl7ClfrKUaIY4i+yOgjkOvlX6LLGCLN4ABNy2eOBdAon+05Bg0/l34RW3JJhGGD0mwoUvFWOPQROwyyT5U/PpVOrNfNBLmllPkIbKFP4jcXMYC9bw6bTGyzDCVbgaBE3+yDR7mTFhXJvK+kPODnGQDd9KVMzWxpr/igmUnzBQzB5X+qvKFNP6lF3eXXPIWRGEbPT7uGn4Qpdu1Z9LZ1pKdxXmGL40TJtzN20jgsxxQyfoj/CcJz9RD sharon_60494\n"
            },
            "metadata_fingerprint": "SFGCBknzPXc=",
            "metadata_startup_script": null,
            "min_cpu_platform": "",
            "name": "k8s-node-2",
            "network_interface": [
              {
                "access_config": [
                  {
                    "nat_ip": "35.196.213.227",
                    "network_tier": "PREMIUM",
                    "public_ptr_domain_name": ""
                  }
                ],
                "alias_ip_range": [],
                "internal_ipv6_prefix_length": 0,
                "ipv6_access_config": [],
                "ipv6_access_type": "",
                "ipv6_address": "",
                "name": "nic0",
                "network": "https://www.googleapis.com/compute/v1/projects/deft-smile-424908-e6/global/networks/k8s-network",
                "network_ip": "10.0.0.2",
                "nic_type": "",
                "queue_count": 0,
                "stack_type": "IPV4_ONLY",
                "subnetwork": "https://www.googleapis.com/compute/v1/projects/deft-smile-424908-e6/regions/us-east1/subnetworks/k8s-subnetwork",
                "subnetwork_project": "deft-smile-424908-e6"
              }
            ],
            "network_performance_config": [],
            "params": [],
            "project": "deft-smile-424908-e6",
            "reservation_affinity": [],
            "resource_policies": null,
            "scheduling": [
              {
                "automatic_restart": true,
                "instance_termination_action": "",
                "local_ssd_recovery_timeout": [],
                "max_run_duration": [],
                "min_node_cpus": 0,
                "node_affinities": [],
                "on_host_maintenance": "MIGRATE",
                "on_instance_stop_action": [],
                "preemptible": false,
                "provisioning_model": "STANDARD"
              }
            ],
            "scratch_disk": [],
            "self_link": "https://www.googleapis.com/compute/v1/projects/deft-smile-424908-e6/zones/us-east1-b/instances/k8s-node-2",
            "service_account": [],
            "shielded_instance_config": [
              {
                "enable_integrity_monitoring": true,
                "enable_secure_boot": false,
                "enable_vtpm": true
              }
            ],
            "tags": null,
            "tags_fingerprint": "42WmSpB8rSM=",
            "terraform_labels": {},
            "timeouts": null,
            "zone": "us-east1-b"
          },
          "sensitive_attributes": [
            [
              {
                "type": "get_attr",
                "value": "boot_disk"
              },
              {
                "type": "index",
                "value": {
                  "value": 0,
                  "type": "number"
                }
              },
              {
                "type": "get_attr",
                "value": "disk_encryption_key_raw"
              }
            ]
          ],
          "private": "eyJlMmJmYjczMC1lY2FhLTExZTYtOGY4OC0zNDM2M2JjN2M0YzAiOnsiY3JlYXRlIjoxMjAwMDAwMDAwMDAwLCJkZWxldGUiOjEyMDAwMDAwMDAwMDAsInVwZGF0ZSI6MTIwMDAwMDAwMDAwMH0sInNjaGVtYV92ZXJzaW9uIjoiNiJ9",
          "dependencies": [
            "google_compute_network.default",
            "google_compute_subnetwork.default"
          ]
        }
      ]
    },
    {
      "mode": "managed",
      "type": "google_compute_network",
      "name": "default",
      "provider": "provider[\"registry.terraform.io/hashicorp/google\"]",
      "instances": [
        {
          "schema_version": 0,
          "attributes": {
            "auto_create_subnetworks": true,
            "delete_default_routes_on_create": false,
            "description": "",
            "enable_ula_internal_ipv6": false,
            "gateway_ipv4": "",
            "id": "projects/deft-smile-424908-e6/global/networks/k8s-network",
            "internal_ipv6_range": "",
            "mtu": 0,
            "name": "k8s-network",
            "network_firewall_policy_enforcement_order": "AFTER_CLASSIC_FIREWALL",
            "numeric_id": "9212359683668630141",
            "project": "deft-smile-424908-e6",
            "routing_mode": "REGIONAL",
            "self_link": "https://www.googleapis.com/compute/v1/projects/deft-smile-424908-e6/global/networks/k8s-network",
            "timeouts": null
          },
          "sensitive_attributes": [],
          "private": "eyJlMmJmYjczMC1lY2FhLTExZTYtOGY4OC0zNDM2M2JjN2M0YzAiOnsiY3JlYXRlIjoxMjAwMDAwMDAwMDAwLCJkZWxldGUiOjEyMDAwMDAwMDAwMDAsInVwZGF0ZSI6MTIwMDAwMDAwMDAwMH19"
        }
      ]
    },
    {
      "mode": "managed",
      "type": "google_compute_subnetwork",
      "name": "default",
      "provider": "provider[\"registry.terraform.io/hashicorp/google\"]",
      "instances": [
        {
          "schema_version": 0,
          "attributes": {
            "creation_timestamp": "2024-07-23T01:07:34.426-07:00",
            "description": "",
            "external_ipv6_prefix": "",
            "fingerprint": null,
            "gateway_address": "10.0.0.1",
            "id": "projects/deft-smile-424908-e6/regions/us-east1/subnetworks/k8s-subnetwork",
            "internal_ipv6_prefix": "",
            "ip_cidr_range": "10.0.0.0/16",
            "ipv6_access_type": "",
            "ipv6_cidr_range": "",
            "log_config": [],
            "name": "k8s-subnetwork",
            "network": "https://www.googleapis.com/compute/v1/projects/deft-smile-424908-e6/global/networks/k8s-network",
            "private_ip_google_access": false,
            "private_ipv6_google_access": "DISABLE_GOOGLE_ACCESS",
            "project": "deft-smile-424908-e6",
            "purpose": "PRIVATE",
            "region": "us-east1",
            "role": "",
            "secondary_ip_range": [],
            "self_link": "https://www.googleapis.com/compute/v1/projects/deft-smile-424908-e6/regions/us-east1/subnetworks/k8s-subnetwork",
            "stack_type": "IPV4_ONLY",
            "timeouts": null
          },
          "sensitive_attributes": [],
          "private": "eyJlMmJmYjczMC1lY2FhLTExZTYtOGY4OC0zNDM2M2JjN2M0YzAiOnsiY3JlYXRlIjoxMjAwMDAwMDAwMDAwLCJkZWxldGUiOjEyMDAwMDAwMDAwMDAsInVwZGF0ZSI6MTIwMDAwMDAwMDAwMH19",
          "dependencies": [
            "google_compute_network.default"
          ]
        }
      ]
    },
    {
      "mode": "managed",
      "type": "null_resource",
      "name": "update_custom_ini",
      "provider": "provider[\"registry.terraform.io/hashicorp/null\"]",
      "instances": [
        {
          "schema_version": 0,
          "attributes": {
            "id": "6343467704550835458",
            "triggers": null
          },
          "sensitive_attributes": [],
          "dependencies": [
            "google_compute_instance.k8s-master",
            "google_compute_instance.k8s-node-1",
            "google_compute_instance.k8s-node-2",
            "google_compute_network.default",
            "google_compute_subnetwork.default"
          ]
        }
      ]
    }
  ],
  "check_results": null
}
